
Microsoft Visual Studio Solution File, Format Version 12.00
# Visual Studio Version 16
VisualStudioVersion = 16.0.30204.135
MinimumVisualStudioVersion = 10.0.40219.1
Project("{8BC9CEB8-8B4A-11D0-8D11-00A0C91BC942}") = "SearchFile", "SearchFile.vcxproj", "{736A6541-EA81-4E87-B094-8A96F9D71DD3}"
EndProject
Global
	GlobalSection(SolutionConfigurationPlatforms) = preSolution
		Debug|x64 = Debug|x64
		Debug|x86 = Debug|x86
		Release|x64 = Release|x64
		Release|x86 = Release|x86
	EndGlobalSection
	GlobalSection(ProjectConfigurationPlatforms) = postSolution
		{736A6541-EA81-4E87-B094-8A96F9D71DD3}.Debug|x64.ActiveCfg = Debug|x64
		{736A6541-EA81-4E87-B094-8A96F9D71DD3}.Debug|x64.Build.0 = Debug|x64
		{736A6541-EA81-4E87-B094-8A96F9D71DD3}.Debug|x86.ActiveCfg = Debug|Win32
		{736A6541-EA81-4E87-B094-8A96F9D71DD3}.Debug|x86.Build.0 = Debug|Win32
		{736A6541-EA81-4E87-B094-8A96F9D71DD3}.Release|x64.ActiveCfg = Release|x64
		{736A6541-EA81-4E87-B094-8A96F9D71DD3}.Release|x64.Build.0 = Release|x64
		{736A6541-EA81-4E87-B094-8A96F9D71DD3}.Release|x86.ActiveCfg = Release|Win32
		{736A6541-EA81-4E87-B094-8A96F9D71DD3}.Release|x86.Build.0 = Release|Win32
	EndGlobalSection
	GlobalSection(SolutionProperties) = preSolution
		HideSolutionNode = FALSE
	EndGlobalSection
	GlobalSection(ExtensibilityGlobals) = postSolution
		SolutionGuid = {FBFB932D-AF29-438C-8FFA-C8CF2A285137}
	EndGlobalSection
EndGlobal
