
Microsoft Visual Studio Solution File, Format Version 12.00
# Visual Studio Version 16
VisualStudioVersion = 16.0.30204.135
MinimumVisualStudioVersion = 10.0.40219.1
Project("{8BC9CEB8-8B4A-11D0-8D11-00A0C91BC942}") = "ChatClient", "ChatClient.vcxproj", "{A299A5E0-0151-4E2E-8BA1-5035A0B9FA62}"
EndProject
Global
	GlobalSection(SolutionConfigurationPlatforms) = preSolution
		Debug|x64 = Debug|x64
		Debug|x86 = Debug|x86
		Release|x64 = Release|x64
		Release|x86 = Release|x86
	EndGlobalSection
	GlobalSection(ProjectConfigurationPlatforms) = postSolution
		{A299A5E0-0151-4E2E-8BA1-5035A0B9FA62}.Debug|x64.ActiveCfg = Debug|x64
		{A299A5E0-0151-4E2E-8BA1-5035A0B9FA62}.Debug|x64.Build.0 = Debug|x64
		{A299A5E0-0151-4E2E-8BA1-5035A0B9FA62}.Debug|x86.ActiveCfg = Debug|Win32
		{A299A5E0-0151-4E2E-8BA1-5035A0B9FA62}.Debug|x86.Build.0 = Debug|Win32
		{A299A5E0-0151-4E2E-8BA1-5035A0B9FA62}.Release|x64.ActiveCfg = Release|x64
		{A299A5E0-0151-4E2E-8BA1-5035A0B9FA62}.Release|x64.Build.0 = Release|x64
		{A299A5E0-0151-4E2E-8BA1-5035A0B9FA62}.Release|x86.ActiveCfg = Release|Win32
		{A299A5E0-0151-4E2E-8BA1-5035A0B9FA62}.Release|x86.Build.0 = Release|Win32
	EndGlobalSection
	GlobalSection(SolutionProperties) = preSolution
		HideSolutionNode = FALSE
	EndGlobalSection
	GlobalSection(ExtensibilityGlobals) = postSolution
		SolutionGuid = {DE7DF0F3-DE8C-4389-934A-95EB845E5B91}
	EndGlobalSection
EndGlobal
